
Microsoft Visual Studio Solution File, Format Version 12.00
# Visual Studio Version 17
VisualStudioVersion = 17.11.35312.102
MinimumVisualStudioVersion = 10.0.40219.1
Project("{8BC9CEB8-8B4A-11D0-8D11-00A0C91BC942}") = "03OperatorOverload", "03OperatorOverload.vcxproj", "{FAA40EAC-8233-4379-B421-314082587801}"
EndProject
Global
	GlobalSection(SolutionConfigurationPlatforms) = preSolution
		Debug|x64 = Debug|x64
		Debug|x86 = Debug|x86
		Release|x64 = Release|x64
		Release|x86 = Release|x86
	EndGlobalSection
	GlobalSection(ProjectConfigurationPlatforms) = postSolution
		{FAA40EAC-8233-4379-B421-314082587801}.Debug|x64.ActiveCfg = Debug|x64
		{FAA40EAC-8233-4379-B421-314082587801}.Debug|x64.Build.0 = Debug|x64
		{FAA40EAC-8233-4379-B421-314082587801}.Debug|x86.ActiveCfg = Debug|Win32
		{FAA40EAC-8233-4379-B421-314082587801}.Debug|x86.Build.0 = Debug|Win32
		{FAA40EAC-8233-4379-B421-314082587801}.Release|x64.ActiveCfg = Release|x64
		{FAA40EAC-8233-4379-B421-314082587801}.Release|x64.Build.0 = Release|x64
		{FAA40EAC-8233-4379-B421-314082587801}.Release|x86.ActiveCfg = Release|Win32
		{FAA40EAC-8233-4379-B421-314082587801}.Release|x86.Build.0 = Release|Win32
	EndGlobalSection
	GlobalSection(SolutionProperties) = preSolution
		HideSolutionNode = FALSE
	EndGlobalSection
	GlobalSection(ExtensibilityGlobals) = postSolution
		SolutionGuid = {16A7F66F-E43E-4000-8536-78AB11428FA7}
	EndGlobalSection
EndGlobal
