
Microsoft Visual Studio Solution File, Format Version 12.00
# Visual Studio Version 17
VisualStudioVersion = 17.11.35312.102
MinimumVisualStudioVersion = 10.0.40219.1
Project("{8BC9CEB8-8B4A-11D0-8D11-00A0C91BC942}") = "09Friend", "09Friend.vcxproj", "{8831A579-7D6C-47BE-9C8E-FD510B0BA63E}"
EndProject
Global
	GlobalSection(SolutionConfigurationPlatforms) = preSolution
		Debug|x64 = Debug|x64
		Debug|x86 = Debug|x86
		Release|x64 = Release|x64
		Release|x86 = Release|x86
	EndGlobalSection
	GlobalSection(ProjectConfigurationPlatforms) = postSolution
		{8831A579-7D6C-47BE-9C8E-FD510B0BA63E}.Debug|x64.ActiveCfg = Debug|x64
		{8831A579-7D6C-47BE-9C8E-FD510B0BA63E}.Debug|x64.Build.0 = Debug|x64
		{8831A579-7D6C-47BE-9C8E-FD510B0BA63E}.Debug|x86.ActiveCfg = Debug|Win32
		{8831A579-7D6C-47BE-9C8E-FD510B0BA63E}.Debug|x86.Build.0 = Debug|Win32
		{8831A579-7D6C-47BE-9C8E-FD510B0BA63E}.Release|x64.ActiveCfg = Release|x64
		{8831A579-7D6C-47BE-9C8E-FD510B0BA63E}.Release|x64.Build.0 = Release|x64
		{8831A579-7D6C-47BE-9C8E-FD510B0BA63E}.Release|x86.ActiveCfg = Release|Win32
		{8831A579-7D6C-47BE-9C8E-FD510B0BA63E}.Release|x86.Build.0 = Release|Win32
	EndGlobalSection
	GlobalSection(SolutionProperties) = preSolution
		HideSolutionNode = FALSE
	EndGlobalSection
	GlobalSection(ExtensibilityGlobals) = postSolution
		SolutionGuid = {4E06C069-9146-4BEB-9DD7-7525E4B1CE22}
	EndGlobalSection
EndGlobal
