
Microsoft Visual Studio Solution File, Format Version 12.00
# Visual Studio Version 16
VisualStudioVersion = 16.0.29721.120
MinimumVisualStudioVersion = 10.0.40219.1
Project("{8BC9CEB8-8B4A-11D0-8D11-00A0C91BC942}") = "07functionOverload", "07functionOverload.vcxproj", "{F54E21AE-746A-4C9B-9AC0-7B82822D6889}"
EndProject
Global
	GlobalSection(SolutionConfigurationPlatforms) = preSolution
		Debug|x64 = Debug|x64
		Debug|x86 = Debug|x86
		Release|x64 = Release|x64
		Release|x86 = Release|x86
	EndGlobalSection
	GlobalSection(ProjectConfigurationPlatforms) = postSolution
		{F54E21AE-746A-4C9B-9AC0-7B82822D6889}.Debug|x64.ActiveCfg = Debug|x64
		{F54E21AE-746A-4C9B-9AC0-7B82822D6889}.Debug|x64.Build.0 = Debug|x64
		{F54E21AE-746A-4C9B-9AC0-7B82822D6889}.Debug|x86.ActiveCfg = Debug|Win32
		{F54E21AE-746A-4C9B-9AC0-7B82822D6889}.Debug|x86.Build.0 = Debug|Win32
		{F54E21AE-746A-4C9B-9AC0-7B82822D6889}.Release|x64.ActiveCfg = Release|x64
		{F54E21AE-746A-4C9B-9AC0-7B82822D6889}.Release|x64.Build.0 = Release|x64
		{F54E21AE-746A-4C9B-9AC0-7B82822D6889}.Release|x86.ActiveCfg = Release|Win32
		{F54E21AE-746A-4C9B-9AC0-7B82822D6889}.Release|x86.Build.0 = Release|Win32
	EndGlobalSection
	GlobalSection(SolutionProperties) = preSolution
		HideSolutionNode = FALSE
	EndGlobalSection
	GlobalSection(ExtensibilityGlobals) = postSolution
		SolutionGuid = {51631F3C-70A4-40D8-93A8-8339E12B8E04}
	EndGlobalSection
EndGlobal
